
Microsoft Visual Studio Solution File, Format Version 12.00
Project("{FAE04EC0-301F-11D3-BF4B-00C04F79EFBC}") = "ComfyJazzSharp", "ComfyJazzSharp\ComfyJazzSharp.csproj", "{52A91C83-0CAA-49F7-BC62-6BB89B916AC9}"
EndProject
Project("{FAE04EC0-301F-11D3-BF4B-00C04F79EFBC}") = "ComfyJazzSharp.Test", "ComfyJazzSharp.Test\ComfyJazzSharp.Test.csproj", "{E201B454-3BAE-4B0F-8FBF-C5A4A6221477}"
EndProject
Global
	GlobalSection(SolutionConfigurationPlatforms) = preSolution
		Debug|Any CPU = Debug|Any CPU
		Release|Any CPU = Release|Any CPU
	EndGlobalSection
	GlobalSection(ProjectConfigurationPlatforms) = postSolution
		{52A91C83-0CAA-49F7-BC62-6BB89B916AC9}.Debug|Any CPU.ActiveCfg = Debug|Any CPU
		{52A91C83-0CAA-49F7-BC62-6BB89B916AC9}.Debug|Any CPU.Build.0 = Debug|Any CPU
		{52A91C83-0CAA-49F7-BC62-6BB89B916AC9}.Release|Any CPU.ActiveCfg = Release|Any CPU
		{52A91C83-0CAA-49F7-BC62-6BB89B916AC9}.Release|Any CPU.Build.0 = Release|Any CPU
		{E201B454-3BAE-4B0F-8FBF-C5A4A6221477}.Debug|Any CPU.ActiveCfg = Debug|Any CPU
		{E201B454-3BAE-4B0F-8FBF-C5A4A6221477}.Debug|Any CPU.Build.0 = Debug|Any CPU
		{E201B454-3BAE-4B0F-8FBF-C5A4A6221477}.Release|Any CPU.ActiveCfg = Release|Any CPU
		{E201B454-3BAE-4B0F-8FBF-C5A4A6221477}.Release|Any CPU.Build.0 = Release|Any CPU
	EndGlobalSection
EndGlobal
